
Microsoft Visual Studio Solution File, Format Version 12.00
# Visual Studio Version 17
VisualStudioVersion = 17.0.31717.71
MinimumVisualStudioVersion = 10.0.40219.1
Project("{9A19103F-16F7-4668-BE54-9A1E7A4F7556}") = "NBWSTech", "NBWSTech.csproj", "{BEF92432-5D16-421D-A222-229448DDA359}"
EndProject
Global
	GlobalSection(SolutionConfigurationPlatforms) = preSolution
		Debug|Any CPU = Debug|Any CPU
		Release|Any CPU = Release|Any CPU
	EndGlobalSection
	GlobalSection(ProjectConfigurationPlatforms) = postSolution
		{BEF92432-5D16-421D-A222-229448DDA359}.Debug|Any CPU.ActiveCfg = Debug|Any CPU
		{BEF92432-5D16-421D-A222-229448DDA359}.Debug|Any CPU.Build.0 = Debug|Any CPU
		{BEF92432-5D16-421D-A222-229448DDA359}.Release|Any CPU.ActiveCfg = Release|Any CPU
		{BEF92432-5D16-421D-A222-229448DDA359}.Release|Any CPU.Build.0 = Release|Any CPU
	EndGlobalSection
	GlobalSection(SolutionProperties) = preSolution
		HideSolutionNode = FALSE
	EndGlobalSection
	GlobalSection(ExtensibilityGlobals) = postSolution
		SolutionGuid = {CBFDA8BE-3880-4FEE-A5CA-CFBFB08D2B1C}
	EndGlobalSection
EndGlobal